
Microsoft Visual Studio Solution File, Format Version 12.00
# Visual Studio 14
VisualStudioVersion = 14.0.25420.1
MinimumVisualStudioVersion = 10.0.40219.1
Project("{FAE04EC0-301F-11D3-BF4B-00C04F79EFBC}") = "RijandelAlgorithm", "RijandelAlgorithm\RijandelAlgorithm.csproj", "{35B975D1-2F4E-42FA-A171-7B50302BFD24}"
EndProject
Project("{FAE04EC0-301F-11D3-BF4B-00C04F79EFBC}") = "Server", "Server\Server.csproj", "{B7CEDE88-5807-4960-80A7-A16EF4BEEB78}"
EndProject
Project("{FAE04EC0-301F-11D3-BF4B-00C04F79EFBC}") = "Client", "Client\Client\Client.csproj", "{8299AE8A-5F3C-4B6A-AEB0-E72D2BB5D6A7}"
EndProject
Project("{FAE04EC0-301F-11D3-BF4B-00C04F79EFBC}") = "ApplicationDatabaseServer", "ApplicationDatabaseServer\ApplicationDatabaseServer.csproj", "{66783143-BD2F-4BE1-A73E-379265AEFC21}"
EndProject
Global
	GlobalSection(SolutionConfigurationPlatforms) = preSolution
		Debug|Any CPU = Debug|Any CPU
		Debug|x86 = Debug|x86
		Release|Any CPU = Release|Any CPU
		Release|x86 = Release|x86
	EndGlobalSection
	GlobalSection(ProjectConfigurationPlatforms) = postSolution
		{35B975D1-2F4E-42FA-A171-7B50302BFD24}.Debug|Any CPU.ActiveCfg = Debug|Any CPU
		{35B975D1-2F4E-42FA-A171-7B50302BFD24}.Debug|Any CPU.Build.0 = Debug|Any CPU
		{35B975D1-2F4E-42FA-A171-7B50302BFD24}.Debug|x86.ActiveCfg = Debug|Any CPU
		{35B975D1-2F4E-42FA-A171-7B50302BFD24}.Debug|x86.Build.0 = Debug|Any CPU
		{35B975D1-2F4E-42FA-A171-7B50302BFD24}.Release|Any CPU.ActiveCfg = Release|Any CPU
		{35B975D1-2F4E-42FA-A171-7B50302BFD24}.Release|Any CPU.Build.0 = Release|Any CPU
		{35B975D1-2F4E-42FA-A171-7B50302BFD24}.Release|x86.ActiveCfg = Release|Any CPU
		{35B975D1-2F4E-42FA-A171-7B50302BFD24}.Release|x86.Build.0 = Release|Any CPU
		{B7CEDE88-5807-4960-80A7-A16EF4BEEB78}.Debug|Any CPU.ActiveCfg = Debug|x86
		{B7CEDE88-5807-4960-80A7-A16EF4BEEB78}.Debug|x86.ActiveCfg = Debug|x86
		{B7CEDE88-5807-4960-80A7-A16EF4BEEB78}.Debug|x86.Build.0 = Debug|x86
		{B7CEDE88-5807-4960-80A7-A16EF4BEEB78}.Release|Any CPU.ActiveCfg = Release|x86
		{B7CEDE88-5807-4960-80A7-A16EF4BEEB78}.Release|x86.ActiveCfg = Release|x86
		{B7CEDE88-5807-4960-80A7-A16EF4BEEB78}.Release|x86.Build.0 = Release|x86
		{8299AE8A-5F3C-4B6A-AEB0-E72D2BB5D6A7}.Debug|Any CPU.ActiveCfg = Debug|x86
		{8299AE8A-5F3C-4B6A-AEB0-E72D2BB5D6A7}.Debug|x86.ActiveCfg = Debug|x86
		{8299AE8A-5F3C-4B6A-AEB0-E72D2BB5D6A7}.Debug|x86.Build.0 = Debug|x86
		{8299AE8A-5F3C-4B6A-AEB0-E72D2BB5D6A7}.Release|Any CPU.ActiveCfg = Release|x86
		{8299AE8A-5F3C-4B6A-AEB0-E72D2BB5D6A7}.Release|x86.ActiveCfg = Release|x86
		{8299AE8A-5F3C-4B6A-AEB0-E72D2BB5D6A7}.Release|x86.Build.0 = Release|x86
		{66783143-BD2F-4BE1-A73E-379265AEFC21}.Debug|Any CPU.ActiveCfg = Debug|Any CPU
		{66783143-BD2F-4BE1-A73E-379265AEFC21}.Debug|Any CPU.Build.0 = Debug|Any CPU
		{66783143-BD2F-4BE1-A73E-379265AEFC21}.Debug|x86.ActiveCfg = Debug|Any CPU
		{66783143-BD2F-4BE1-A73E-379265AEFC21}.Debug|x86.Build.0 = Debug|Any CPU
		{66783143-BD2F-4BE1-A73E-379265AEFC21}.Release|Any CPU.ActiveCfg = Release|Any CPU
		{66783143-BD2F-4BE1-A73E-379265AEFC21}.Release|Any CPU.Build.0 = Release|Any CPU
		{66783143-BD2F-4BE1-A73E-379265AEFC21}.Release|x86.ActiveCfg = Release|Any CPU
		{66783143-BD2F-4BE1-A73E-379265AEFC21}.Release|x86.Build.0 = Release|Any CPU
	EndGlobalSection
	GlobalSection(SolutionProperties) = preSolution
		HideSolutionNode = FALSE
	EndGlobalSection
EndGlobal
